
Microsoft Visual Studio Solution File, Format Version 12.00
Project("{FAE04EC0-301F-11D3-BF4B-00C04F79EFBC}") = "WindowsFormsApp211103", "WindowsFormsApp211103\WindowsFormsApp211103.csproj", "{383D4BEB-4A2C-41D6-9E89-B3DD548F3DD8}"
EndProject
Global
	GlobalSection(SolutionConfigurationPlatforms) = preSolution
		Debug|Any CPU = Debug|Any CPU
		Release|Any CPU = Release|Any CPU
	EndGlobalSection
	GlobalSection(ProjectConfigurationPlatforms) = postSolution
		{383D4BEB-4A2C-41D6-9E89-B3DD548F3DD8}.Debug|Any CPU.ActiveCfg = Debug|Any CPU
		{383D4BEB-4A2C-41D6-9E89-B3DD548F3DD8}.Debug|Any CPU.Build.0 = Debug|Any CPU
		{383D4BEB-4A2C-41D6-9E89-B3DD548F3DD8}.Release|Any CPU.ActiveCfg = Release|Any CPU
		{383D4BEB-4A2C-41D6-9E89-B3DD548F3DD8}.Release|Any CPU.Build.0 = Release|Any CPU
	EndGlobalSection
EndGlobal
